<?xml version="1.0" encoding="utf-8"?>
<Project ToolsVersion="4.0" xmlns="http://schemas.microsoft.com/developer/msbuild/2003">
  <ItemGroup>
    <ClCompile Include="base\src\PredictionResult.cpp" />
    <ClCompile Include="base\src\StaticalModel.cpp" />
    <ClCompile Include="base\src\TrainingData.cpp" />
    <ClCompile Include="mlp\src\ConvolutionalNeuralNetwork.cpp" />
    <ClCompile Include="rf\src\LeafNode.cpp" />
    <ClCompile Include="basic\src\LinearRegression.cpp" />
    <ClCompile Include="basic\src\LogisticRegression.cpp" />
    <ClCompile Include="mlp\src\MlpLayer.cpp" />
    <ClCompile Include="mlp\src\MlpLayerBase.cpp" />
    <ClCompile Include="mlp\src\MlpLayerFactory.cpp" />
    <ClCompile Include="mlp\src\MultilayerPerceptron.cpp" />
    <ClCompile Include="rf\src\RandomForest.cpp" />
    <ClCompile Include="rf\src\RandomizedTree.cpp" />
    <ClCompile Include="rf\src\SplitNode.cpp" />
    <ClCompile Include="rf\src\TreeNode.cpp" />
    <ClCompile Include="rf\src\TreeNodeFactory.cpp" />
    <ClCompile Include="boosting\src\AdaBoost.cpp" />
    <ClCompile Include="factory\src\StatModelFactory.cpp" />
    <ClCompile Include="rf\src\ClassificationTree.cpp" />
    <ClCompile Include="factory\src\RandomizedTreeFactory.cpp" />
    <ClCompile Include="rf\src\RegressionTree.cpp" />
    <ClCompile Include="boosting\src\GradientBoost.cpp" />
    <ClCompile Include="base\src\TrainingImage.cpp" />
    <ClCompile Include="face_alignment\src\FaceAkignKazemiCvpr14.cpp" />
  </ItemGroup>
  <ItemGroup>
    <ClInclude Include="base\header\PredictionResult.h" />
    <ClInclude Include="base\header\StaticalModel.h" />
    <ClInclude Include="base\header\TrainingData.h" />
    <ClInclude Include="mlp\header\ConvolutionalNeuralNetwork.h" />
    <ClInclude Include="rf\header\LeafNode.h" />
    <ClInclude Include="basic\header\LinearRegression.h" />
    <ClInclude Include="basic\header\LogisticRegression.h" />
    <ClInclude Include="mlp\header\MlpLayer.h" />
    <ClInclude Include="mlp\header\MlpLayerBase.h" />
    <ClInclude Include="mlp\header\MlpLayerFactory.h" />
    <ClInclude Include="mlp\header\MutilayerPercptron.h" />
    <ClInclude Include="rf\header\RandomForest.h" />
    <ClInclude Include="rf\header\RandomizedTree.h" />
    <ClInclude Include="rf\header\SplitNode.h" />
    <ClInclude Include="rf\header\TreeNode.h" />
    <ClInclude Include="rf\header\TreeNodeFactory.h" />
    <ClInclude Include="boosting\header\AdaBoost.h" />
    <ClInclude Include="base\header\MlDefines.h" />
    <ClInclude Include="factory\header\StatModelFactory.h" />
    <ClInclude Include="rf\header\ClassificationTree.h" />
    <ClInclude Include="factory\header\RandomizedTreeFactory.h" />
    <ClInclude Include="rf\header\RegressionTree.h" />
    <ClInclude Include="boosting\header\GradientBoosth.h" />
    <ClInclude Include="base\header\PredictionParameter.h" />
    <ClInclude Include="rf\header\ShapeIndexedTree.h" />
    <ClInclude Include="base\header\TrainingImage.h" />
    <ClInclude Include="rf\header\ShapeIndexedSplitNode.h" />
    <ClInclude Include="face_alignment\header\FaceAlignKazemiCvpr14.h" />
  </ItemGroup>
</Project>